
Microsoft Visual Studio Solution File, Format Version 12.00
# Visual Studio Version 16
VisualStudioVersion = 16.0.32228.343
MinimumVisualStudioVersion = 10.0.40219.1
Project("{9A19103F-16F7-4668-BE54-9A1E7A4F7556}") = "samlAuthentication", "samlAuthentication\samlAuthentication.csproj", "{310ADF93-D2B3-45C8-AF41-6756CF6099FC}"
EndProject
Project("{FAE04EC0-301F-11D3-BF4B-00C04F79EFBC}") = "ConsoleTest", "ConsoleTest\ConsoleTest.csproj", "{2367FCFB-BFF5-4E56-8431-910D94D2D4BC}"
EndProject
Global
	GlobalSection(SolutionConfigurationPlatforms) = preSolution
		Debug|Any CPU = Debug|Any CPU
		Release|Any CPU = Release|Any CPU
	EndGlobalSection
	GlobalSection(ProjectConfigurationPlatforms) = postSolution
		{310ADF93-D2B3-45C8-AF41-6756CF6099FC}.Debug|Any CPU.ActiveCfg = Debug|Any CPU
		{310ADF93-D2B3-45C8-AF41-6756CF6099FC}.Debug|Any CPU.Build.0 = Debug|Any CPU
		{310ADF93-D2B3-45C8-AF41-6756CF6099FC}.Release|Any CPU.ActiveCfg = Release|Any CPU
		{310ADF93-D2B3-45C8-AF41-6756CF6099FC}.Release|Any CPU.Build.0 = Release|Any CPU
		{2367FCFB-BFF5-4E56-8431-910D94D2D4BC}.Debug|Any CPU.ActiveCfg = Debug|Any CPU
		{2367FCFB-BFF5-4E56-8431-910D94D2D4BC}.Debug|Any CPU.Build.0 = Debug|Any CPU
		{2367FCFB-BFF5-4E56-8431-910D94D2D4BC}.Release|Any CPU.ActiveCfg = Release|Any CPU
		{2367FCFB-BFF5-4E56-8431-910D94D2D4BC}.Release|Any CPU.Build.0 = Release|Any CPU
	EndGlobalSection
	GlobalSection(SolutionProperties) = preSolution
		HideSolutionNode = FALSE
	EndGlobalSection
	GlobalSection(ExtensibilityGlobals) = postSolution
		SolutionGuid = {52CC5E50-B8BD-4420-96C1-9B157C413550}
	EndGlobalSection
EndGlobal
